{
  "name": "codeshape",
  "version": "2.5.0",
  "lockfileVersion": 3,
  "requires": true,
  "packages": {
    "": {
      "name": "codeshape",
      "version": "2.5.0",
      "license": "MIT",
      "dependencies": {
        "@t8/date-format": "^1.0.14",
        "@typescript/native-preview": "^7.0.0-dev.20251208.1"
      },
      "bin": {
        "codeshape": "dist/run.js"
      },
      "devDependencies": {
        "@types/node": "22.15.3"
      }
    },
    "node_modules/@t8/date-format": {
      "version": "1.0.14",
      "resolved": "https://registry.npmjs.org/@t8/date-format/-/date-format-1.0.14.tgz",
      "integrity": "sha512-UWldJHRAJg0kuQVv0s9XIi/4dXwzB11gD6CNhAB/JQJJzCW2PQ0XhuhkG4djIoeLLM85xv9LKN3QE+q5dR9BSg==",
      "license": "MIT"
    },
    "node_modules/@types/node": {
      "version": "22.15.3",
      "resolved": "https://registry.npmjs.org/@types/node/-/node-22.15.3.tgz",
      "integrity": "sha512-lX7HFZeHf4QG/J7tBZqrCAXwz9J5RD56Y6MpP0eJkka8p+K0RY/yBTW7CYFJ4VGCclxqOLKmiGP5juQc6MKgcw==",
      "dev": true,
      "license": "MIT",
      "dependencies": {
        "undici-types": "~6.21.0"
      }
    },
    "node_modules/@typescript/native-preview": {
      "version": "7.0.0-dev.20251208.1",
      "resolved": "https://registry.npmjs.org/@typescript/native-preview/-/native-preview-7.0.0-dev.20251208.1.tgz",
      "integrity": "sha512-HkTh7dTDL6F2m6mBvCYIWKBZ+M2vaqBylarvtRvP128BhVeT8naS2UDcYUe7BGOCSxv70Zzfg/Sim1IWk2uKkQ==",
      "license": "Apache-2.0",
      "bin": {
        "tsgo": "bin/tsgo.js"
      },
      "optionalDependencies": {
        "@typescript/native-preview-darwin-arm64": "7.0.0-dev.20251208.1",
        "@typescript/native-preview-darwin-x64": "7.0.0-dev.20251208.1",
        "@typescript/native-preview-linux-arm": "7.0.0-dev.20251208.1",
        "@typescript/native-preview-linux-arm64": "7.0.0-dev.20251208.1",
        "@typescript/native-preview-linux-x64": "7.0.0-dev.20251208.1",
        "@typescript/native-preview-win32-arm64": "7.0.0-dev.20251208.1",
        "@typescript/native-preview-win32-x64": "7.0.0-dev.20251208.1"
      }
    },
    "node_modules/@typescript/native-preview-darwin-arm64": {
      "version": "7.0.0-dev.20251208.1",
      "resolved": "https://registry.npmjs.org/@typescript/native-preview-darwin-arm64/-/native-preview-darwin-arm64-7.0.0-dev.20251208.1.tgz",
      "integrity": "sha512-4+Gry3Ee1VjtbTaVDr5f1KntNw6c0lBqu7kUx/WaUImYWCBlLsAqAU4kaPT8rkwqGcyCiCbCFaP5Ic12Raxl3w==",
      "cpu": [
        "arm64"
      ],
      "license": "Apache-2.0",
      "optional": true,
      "os": [
        "darwin"
      ]
    },
    "node_modules/@typescript/native-preview-darwin-x64": {
      "version": "7.0.0-dev.20251208.1",
      "resolved": "https://registry.npmjs.org/@typescript/native-preview-darwin-x64/-/native-preview-darwin-x64-7.0.0-dev.20251208.1.tgz",
      "integrity": "sha512-t5vaE0AymwjAMTzSjS3wtrvtjitqH6eCsi31PKtV+iEUxshMAAhCDbjklOTB1+91Hb/Y+QUiytrdYSySkzZy8w==",
      "cpu": [
        "x64"
      ],
      "license": "Apache-2.0",
      "optional": true,
      "os": [
        "darwin"
      ]
    },
    "node_modules/@typescript/native-preview-linux-arm": {
      "version": "7.0.0-dev.20251208.1",
      "resolved": "https://registry.npmjs.org/@typescript/native-preview-linux-arm/-/native-preview-linux-arm-7.0.0-dev.20251208.1.tgz",
      "integrity": "sha512-ZLxpdfjNVHmtfz7e2iui2xHCAFAS8FZlE5OPovZ7GtsGNqBBeeDk8OIpn2j9fqQWarcHdMQCA7VlfSuMcz1SYA==",
      "cpu": [
        "arm"
      ],
      "license": "Apache-2.0",
      "optional": true,
      "os": [
        "linux"
      ]
    },
    "node_modules/@typescript/native-preview-linux-arm64": {
      "version": "7.0.0-dev.20251208.1",
      "resolved": "https://registry.npmjs.org/@typescript/native-preview-linux-arm64/-/native-preview-linux-arm64-7.0.0-dev.20251208.1.tgz",
      "integrity": "sha512-3vxtDBjMPfO1NGZL28JCSxXLKCNIWVi4JqSiOOj4pxUd8t0LtDq8QZq+8exe+8B+8pvBG+z1VekiG5WS0PnxhA==",
      "cpu": [
        "arm64"
      ],
      "license": "Apache-2.0",
      "optional": true,
      "os": [
        "linux"
      ]
    },
    "node_modules/@typescript/native-preview-linux-x64": {
      "version": "7.0.0-dev.20251208.1",
      "resolved": "https://registry.npmjs.org/@typescript/native-preview-linux-x64/-/native-preview-linux-x64-7.0.0-dev.20251208.1.tgz",
      "integrity": "sha512-VQdTESWNTBKdBZhvHVEpg9vcHzSLwA4eJuVkns8Nd9oOjMZyGpZ0IkJBydTlfwQ4FGiSINQcSDarYKL3Dc1hhA==",
      "cpu": [
        "x64"
      ],
      "license": "Apache-2.0",
      "optional": true,
      "os": [
        "linux"
      ]
    },
    "node_modules/@typescript/native-preview-win32-arm64": {
      "version": "7.0.0-dev.20251208.1",
      "resolved": "https://registry.npmjs.org/@typescript/native-preview-win32-arm64/-/native-preview-win32-arm64-7.0.0-dev.20251208.1.tgz",
      "integrity": "sha512-54kEiHT7CRx61DrlXynTs4VRCL8U+u+hM/J1vXhFdUrFaYldHv+pK4LnxUwR59GwDpxkAjBhI8FSSKF11YNqbg==",
      "cpu": [
        "arm64"
      ],
      "license": "Apache-2.0",
      "optional": true,
      "os": [
        "win32"
      ]
    },
    "node_modules/@typescript/native-preview-win32-x64": {
      "version": "7.0.0-dev.20251208.1",
      "resolved": "https://registry.npmjs.org/@typescript/native-preview-win32-x64/-/native-preview-win32-x64-7.0.0-dev.20251208.1.tgz",
      "integrity": "sha512-l/pgh2zFZB4idhOZ/t+X1AVbYAUjKE78NMrj0llMYrt1O6cK9jwFocscjJVQcSGqEKdkmkyQhSQuq9kqqypfbw==",
      "cpu": [
        "x64"
      ],
      "license": "Apache-2.0",
      "optional": true,
      "os": [
        "win32"
      ]
    },
    "node_modules/undici-types": {
      "version": "6.21.0",
      "resolved": "https://registry.npmjs.org/undici-types/-/undici-types-6.21.0.tgz",
      "integrity": "sha512-iwDZqg0QAGrg9Rav5H4n0M64c3mkR59cJ6wQp+7C4nI0gsmExaedaYLNO44eT4AtBBwjbTiGPMlt2Md0T9H9JQ==",
      "dev": true,
      "license": "MIT"
    }
  }
}
